
Microsoft Visual Studio Solution File, Format Version 12.00
# Visual Studio Version 16
VisualStudioVersion = 16.0.30717.126
MinimumVisualStudioVersion = 10.0.40219.1
Project("{FAE04EC0-301F-11D3-BF4B-00C04F79EFBC}") = "CursoDotnet", "CursoDotnet\CursoDotnet.csproj", "{B7C5BE9B-68D2-4FEE-BF25-290A4EA42460}"
EndProject
Global
	GlobalSection(SolutionConfigurationPlatforms) = preSolution
		Debug|Any CPU = Debug|Any CPU
		Release|Any CPU = Release|Any CPU
	EndGlobalSection
	GlobalSection(ProjectConfigurationPlatforms) = postSolution
		{B7C5BE9B-68D2-4FEE-BF25-290A4EA42460}.Debug|Any CPU.ActiveCfg = Debug|Any CPU
		{B7C5BE9B-68D2-4FEE-BF25-290A4EA42460}.Debug|Any CPU.Build.0 = Debug|Any CPU
		{B7C5BE9B-68D2-4FEE-BF25-290A4EA42460}.Release|Any CPU.ActiveCfg = Release|Any CPU
		{B7C5BE9B-68D2-4FEE-BF25-290A4EA42460}.Release|Any CPU.Build.0 = Release|Any CPU
	EndGlobalSection
	GlobalSection(SolutionProperties) = preSolution
		HideSolutionNode = FALSE
	EndGlobalSection
	GlobalSection(ExtensibilityGlobals) = postSolution
		SolutionGuid = {10436D94-3974-4AD4-943C-F8DE49BD1A1D}
	EndGlobalSection
EndGlobal
